<?xml version="1.0" encoding="utf-8"?>
<Project ToolsVersion="4.0" xmlns="http://schemas.microsoft.com/developer/msbuild/2003">
  <ItemGroup>
    <ClCompile Include="gui\MainGUI.cpp" />
    <ClCompile Include="api\imgui\TextEditor\TextEditor.cpp" />
    <ClCompile Include="api\imgui\ImGui\imgui.cpp" />
    <ClCompile Include="api\imgui\ImGui\imgui_demo.cpp" />
    <ClCompile Include="api\imgui\ImGui\imgui_draw.cpp" />
    <ClCompile Include="api\imgui\ImGui\imgui_impl_dx11.cpp" />
    <ClCompile Include="api\imgui\ImGui\imgui_impl_win32.cpp" />
    <ClCompile Include="api\imgui\ImGui\imgui_tables.cpp" />
    <ClCompile Include="api\imgui\ImGui\imgui_widgets.cpp" />
    <ClCompile Include="dllmain.cpp" />
    <ClCompile Include="utils\GuiUtils.cpp" />
    <ClCompile Include="utils\image\ImageLoader.cpp" />
    <ClCompile Include="themes\Themes.cpp" />
    <ClCompile Include="themes\ThemeLoader.cpp" />
    <ClCompile Include="themes\fonts\FontsLoader.cpp" />
    <ClCompile Include="api\directx\D3D11Hook.cpp" />
    <ClCompile Include="config\ConfigManager.cpp" />
    <ClCompile Include="gui\InitGui.cpp" />
    <ClCompile Include="gui\Sections.cpp" />
    <ClCompile Include="games\wordle.cpp" />
    <ClCompile Include="games\tictactoe.cpp" />
    <ClCompile Include="games\minesweeper.cpp" />
    <ClCompile Include="games\lightsout.cpp" />
    <ClCompile Include="hotkeys\Hotkey.cpp" />
    <ClCompile Include="hotkeys\KeyBind.cpp" />
    <ClCompile Include="il2cpp\il2cppUtils.cpp" />
    <ClCompile Include="gui\Translations.cpp" />
    <ClCompile Include="functions\about\About.cpp" />
    <ClCompile Include="functions\settings\Settings.cpp" />
    <ClCompile Include="utils\util.cpp" />
    <ClCompile Include="utils\Logger.cpp" />
    <ClCompile Include="api\imgui\ImGui\imgui_stdlib.cpp" />
    <ClCompile Include="GUI\ResourceLoader.cpp" />
    <ClCompile Include="GUI\mutil.cpp" />
    <ClCompile Include="Functions\visuals\UnlockFPS.cpp" />
    <ClCompile Include="Functions\World\SetTimeScale.cpp" />
    <ClCompile Include="Functions\Debug\debug.cpp" />
    <ClCompile Include="Functions\visuals\freecamera.cpp" />
    <ClCompile Include="Functions\Player\CoolDown.cpp" />
    <ClCompile Include="Functions\Player\Damage.cpp" />
    <ClCompile Include="Functions\Player\Stamina.cpp" />
    <ClCompile Include="Functions\World\DumbMonster.cpp" />
    <ClCompile Include="Functions\World\SkipPlot.cpp" />
    <ClCompile Include="Functions\visuals\AntiDither.cpp" />
    <ClCompile Include="Games\Entity.cpp" />
  </ItemGroup>
  <ItemGroup>
    <ClInclude Include="gui\MainGUI.h" />
    <ClInclude Include="includes.h" />
    <ClInclude Include="api\imgui\TextEditor\TextEditor.h" />
    <ClInclude Include="api\imgui\ImGui\imconfig.h" />
    <ClInclude Include="api\imgui\ImGui\imgui.h" />
    <ClInclude Include="api\imgui\ImGui\imgui_impl_dx11.h" />
    <ClInclude Include="api\imgui\ImGui\imgui_impl_win32.h" />
    <ClInclude Include="api\imgui\ImGui\imgui_internal.h" />
    <ClInclude Include="api\imgui\ImGui\imstb_rectpack.h" />
    <ClInclude Include="api\imgui\ImGui\imstb_textedit.h" />
    <ClInclude Include="api\imgui\ImGui\imstb_truetype.h" />
    <ClInclude Include="api\json\json.hpp" />
    <ClInclude Include="api\imgui\ImGuiNotify\fa_solid_900.h" />
    <ClInclude Include="api\imgui\ImGuiNotify\font_awesome_5.h" />
    <ClInclude Include="api\imgui\ImGuiNotify\imgui_notify.h" />
    <ClInclude Include="api\imgui\ImGuiNotify\tahoma.h" />
    <ClInclude Include="gui\GuiDefinitions.h" />
    <ClInclude Include="gui\InitGui.h" />
    <ClInclude Include="gui\Translations.h" />
    <ClInclude Include="resource.h" />
    <ClInclude Include="utils\GuiUtils.h" />
    <ClInclude Include="themes\ThemeLoader.h" />
    <ClInclude Include="themes\Themes.h" />
    <ClInclude Include="themes\fonts\FontsLoader.h" />
    <ClInclude Include="utils\image\stb_image.h" />
    <ClInclude Include="utils\image\ImageLoader.h" />
    <ClInclude Include="api\directx\D3D11Hook.hpp" />
    <ClInclude Include="gui\Sections.h" />
    <ClInclude Include="games\lightsout.hpp" />
    <ClInclude Include="games\minesweeper.hpp" />
    <ClInclude Include="games\tictactoe.hpp" />
    <ClInclude Include="games\wordle.hpp" />
    <ClInclude Include="hotkeys\Hotkey.h" />
    <ClInclude Include="hotkeys\KeyBind.h" />
    <ClInclude Include="il2cpp\detours.h" />
    <ClInclude Include="functions\Function.h" />
    <ClInclude Include="il2cpp\HookManager.h" />
    <ClInclude Include="il2cpp\il2cpp-api-functions.h" />
    <ClInclude Include="il2cpp\il2cpp-appdata.h" />
    <ClInclude Include="il2cpp\il2cpp-functions.h" />
    <ClInclude Include="il2cpp\il2cpp-init.hpp" />
    <ClInclude Include="il2cpp\il2cpp-types-ptr.h" />
    <ClInclude Include="il2cpp\il2cpp-types.h" />
    <ClInclude Include="il2cpp\il2cppUtils.h" />
    <ClInclude Include="functions\about\About.h" />
    <ClInclude Include="functions\settings\Settings.h" />
    <ClInclude Include="utils\util.h" />
    <ClInclude Include="config\ConfigManager.h" />
    <ClInclude Include="config\ConfigField.h" />
    <ClInclude Include="utils\Logger.h" />
    <ClInclude Include="api\imgui\ImGui\imgui_stdlib.h" />
    <ClInclude Include="functions\FunctionIncludes.h" />
    <ClInclude Include="api\magic_enum\magic_enum.hpp" />
    <ClInclude Include="GUI\ResourceLoader.h" />
    <ClInclude Include="GUI\mutil.h" />
    <ClInclude Include="Functions\visuals\UnlockFPS.h" />
    <ClInclude Include="Functions\World\SetTimeScale.h" />
    <ClInclude Include="Functions\Debug\debug.h" />
    <ClInclude Include="il2cpp\il2cpp-enum.h" />
    <ClInclude Include="Functions\visuals\freecamera.h" />
    <ClInclude Include="il2cpp\il2cpp-api-functions-ptr.h" />
    <ClInclude Include="Functions\Player\CoolDown.h" />
    <ClInclude Include="Functions\Player\Damage.h" />
    <ClInclude Include="Functions\Player\Stamina.h" />
    <ClInclude Include="Functions\World\DumbMonster.h" />
    <ClInclude Include="Functions\World\SkipPlot.h" />
    <ClInclude Include="Functions\visuals\AntiDither.h" />
    <ClInclude Include="Games\Entity.h" />
  </ItemGroup>
  <ItemGroup>
    <Library Include="il2cpp\detours.lib" />
  </ItemGroup>
  <ItemGroup>
    <Image Include="gato.png" />
  </ItemGroup>
  <ItemGroup>
    <Font Include="themes\fonts\m-n.otf" />
  </ItemGroup>
  <ItemGroup>
    <ResourceCompile Include="FootControl.rc" />
  </ItemGroup>
  <ItemGroup>
    <None Include="resources\translations.json" />
  </ItemGroup>
</Project>